
Microsoft Visual Studio Solution File, Format Version 12.00
# Visual Studio 15
VisualStudioVersion = 15.0.26228.4
MinimumVisualStudioVersion = 10.0.40219.1
Project("{FAE04EC0-301F-11D3-BF4B-00C04F79EFBC}") = "DesinePattern", "DesinePattern\DesinePattern.csproj", "{B38A20BB-9DCA-4D3A-AA3F-ED075891E489}"
EndProject
Project("{FAE04EC0-301F-11D3-BF4B-00C04F79EFBC}") = "singletone", "singletone\singletone.csproj", "{A556CE83-0CFD-45F8-A690-EDB14A5E227D}"
EndProject
Project("{FAE04EC0-301F-11D3-BF4B-00C04F79EFBC}") = "AbstractFactoryPattern_implemente", "AbstractFactoryPattern_implemente\AbstractFactoryPattern_implemente.csproj", "{53378F0D-1AEA-4C54-8C90-24C3B02BED1D}"
EndProject
Global
	GlobalSection(SolutionConfigurationPlatforms) = preSolution
		Debug|Any CPU = Debug|Any CPU
		Release|Any CPU = Release|Any CPU
	EndGlobalSection
	GlobalSection(ProjectConfigurationPlatforms) = postSolution
		{B38A20BB-9DCA-4D3A-AA3F-ED075891E489}.Debug|Any CPU.ActiveCfg = Debug|Any CPU
		{B38A20BB-9DCA-4D3A-AA3F-ED075891E489}.Debug|Any CPU.Build.0 = Debug|Any CPU
		{B38A20BB-9DCA-4D3A-AA3F-ED075891E489}.Release|Any CPU.ActiveCfg = Release|Any CPU
		{B38A20BB-9DCA-4D3A-AA3F-ED075891E489}.Release|Any CPU.Build.0 = Release|Any CPU
		{A556CE83-0CFD-45F8-A690-EDB14A5E227D}.Debug|Any CPU.ActiveCfg = Debug|Any CPU
		{A556CE83-0CFD-45F8-A690-EDB14A5E227D}.Debug|Any CPU.Build.0 = Debug|Any CPU
		{A556CE83-0CFD-45F8-A690-EDB14A5E227D}.Release|Any CPU.ActiveCfg = Release|Any CPU
		{A556CE83-0CFD-45F8-A690-EDB14A5E227D}.Release|Any CPU.Build.0 = Release|Any CPU
		{53378F0D-1AEA-4C54-8C90-24C3B02BED1D}.Debug|Any CPU.ActiveCfg = Debug|Any CPU
		{53378F0D-1AEA-4C54-8C90-24C3B02BED1D}.Debug|Any CPU.Build.0 = Debug|Any CPU
		{53378F0D-1AEA-4C54-8C90-24C3B02BED1D}.Release|Any CPU.ActiveCfg = Release|Any CPU
		{53378F0D-1AEA-4C54-8C90-24C3B02BED1D}.Release|Any CPU.Build.0 = Release|Any CPU
	EndGlobalSection
	GlobalSection(SolutionProperties) = preSolution
		HideSolutionNode = FALSE
	EndGlobalSection
EndGlobal
